[[package]]
name = "speedtest-cli"
version = "2.1.3"
description = "Command line interface for testing internet bandwidth using speedtest.net"
category = "main"
optional = false
python-versions = "*"

[metadata]
lock-version = "1.1"
python-versions = "^3.10"
content-hash = "47a1059f637e72816bedc2d31c18436ae8a73b57ef8f79e06c02f0172ae5ba81"

[metadata.files]
speedtest-cli = [
    {file = "speedtest-cli-2.1.3.tar.gz", hash = "sha256:5e2773233cedb5fa3d8120eb7f97bcc4974b5221b254d33ff16e2f1d413d90f0"},
    {file = "speedtest_cli-2.1.3-py2.py3-none-any.whl", hash = "sha256:75ff32c91af9ac1ce2b905476d6e92bd9eb2c0783f9e7d1939d74605c7d0b9ea"},
]
